// !$*UTF8*$!
{
	archiveVersion = 1;
	classes = {
	};
	objectVersion = 56;
	objects = {

/* Begin PBXBuildFile section */
		E244F040292A73F800D090B2 /* AppDelegate.swift in Sources */ = {isa = PBXBuildFile; fileRef = E244F03F292A73F800D090B2 /* AppDelegate.swift */; };
		E244F044292A73F800D090B2 /* ViewController.swift in Sources */ = {isa = PBXBuildFile; fileRef = E244F043292A73F800D090B2 /* ViewController.swift */; };
		E244F049292A73FA00D090B2 /* Assets.xcassets in Resources */ = {isa = PBXBuildFile; fileRef = E244F048292A73FA00D090B2 /* Assets.xcassets */; };
		E244F04C292A73FA00D090B2 /* LaunchScreen.storyboard in Resources */ = {isa = PBXBuildFile; fileRef = E244F04A292A73FA00D090B2 /* LaunchScreen.storyboard */; };
		E2577781292A76B600B7C633 /* DPMedia in Frameworks */ = {isa = PBXBuildFile; productRef = E2577780292A76B600B7C633 /* DPMedia */; };
		E2577783292A772300B7C633 /* DPMediaPickerFactory.swift in Sources */ = {isa = PBXBuildFile; fileRef = E2577782292A772300B7C633 /* DPMediaPickerFactory.swift */; };
		E2577786292A77F100B7C633 /* DPMediaPicker.swift in Sources */ = {isa = PBXBuildFile; fileRef = E2577785292A77F000B7C633 /* DPMediaPicker.swift */; };
		E257778C292A782C00B7C633 /* DPMediaAdapter.swift in Sources */ = {isa = PBXBuildFile; fileRef = E257778B292A782C00B7C633 /* DPMediaAdapter.swift */; };
		E257778E292A7BF600B7C633 /* DPMediaError.swift in Sources */ = {isa = PBXBuildFile; fileRef = E257778D292A7BF600B7C633 /* DPMediaError.swift */; };
		E2577790292A7D2D00B7C633 /* DPMediaAdapterInterface.swift in Sources */ = {isa = PBXBuildFile; fileRef = E257778F292A7D2D00B7C633 /* DPMediaAdapterInterface.swift */; };
		E2577792292A7D3D00B7C633 /* DPMedia.swift in Sources */ = {isa = PBXBuildFile; fileRef = E2577791292A7D3D00B7C633 /* DPMedia.swift */; };
		E2577794292A7D4900B7C633 /* DPMediaVideo.swift in Sources */ = {isa = PBXBuildFile; fileRef = E2577793292A7D4900B7C633 /* DPMediaVideo.swift */; };
		E2577796292A7D5500B7C633 /* DPMediaImage.swift in Sources */ = {isa = PBXBuildFile; fileRef = E2577795292A7D5500B7C633 /* DPMediaImage.swift */; };
		E2577798292A7ED200B7C633 /* DPMediaType.swift in Sources */ = {isa = PBXBuildFile; fileRef = E2577797292A7ED200B7C633 /* DPMediaType.swift */; };
		E25777A1292A853600B7C633 /* DPMediaImageProcessorFactory.swift in Sources */ = {isa = PBXBuildFile; fileRef = E25777A0292A853600B7C633 /* DPMediaImageProcessorFactory.swift */; };
		E25777A3292A857400B7C633 /* DPMediaVideoProcessorFactory.swift in Sources */ = {isa = PBXBuildFile; fileRef = E25777A2292A857400B7C633 /* DPMediaVideoProcessorFactory.swift */; };
		E25777A5292A862200B7C633 /* DPMediaPNGImageProcessor.swift in Sources */ = {isa = PBXBuildFile; fileRef = E25777A4292A862200B7C633 /* DPMediaPNGImageProcessor.swift */; };
		E25777AB292A94CB00B7C633 /* DPMediaVideoProcessor.swift in Sources */ = {isa = PBXBuildFile; fileRef = E25777AA292A94CB00B7C633 /* DPMediaVideoProcessor.swift */; };
		E25777AD292A968300B7C633 /* DPMimeType.swift in Sources */ = {isa = PBXBuildFile; fileRef = E25777AC292A968300B7C633 /* DPMimeType.swift */; };
		E25777AF292A96F600B7C633 /* DPFileType.swift in Sources */ = {isa = PBXBuildFile; fileRef = E25777AE292A96F600B7C633 /* DPFileType.swift */; };
		E25777B9292ABE1400B7C633 /* DPMediaPickerInterface.swift in Sources */ = {isa = PBXBuildFile; fileRef = E25777B8292ABE1400B7C633 /* DPMediaPickerInterface.swift */; };
/* End PBXBuildFile section */

/* Begin PBXFileReference section */
		E244F03C292A73F800D090B2 /* Demo.app */ = {isa = PBXFileReference; explicitFileType = wrapper.application; includeInIndex = 0; path = Demo.app; sourceTree = BUILT_PRODUCTS_DIR; };
		E244F03F292A73F800D090B2 /* AppDelegate.swift */ = {isa = PBXFileReference; lastKnownFileType = sourcecode.swift; path = AppDelegate.swift; sourceTree = "<group>"; };
		E244F043292A73F800D090B2 /* ViewController.swift */ = {isa = PBXFileReference; lastKnownFileType = sourcecode.swift; path = ViewController.swift; sourceTree = "<group>"; };
		E244F048292A73FA00D090B2 /* Assets.xcassets */ = {isa = PBXFileReference; lastKnownFileType = folder.assetcatalog; path = Assets.xcassets; sourceTree = "<group>"; };
		E244F04B292A73FA00D090B2 /* Base */ = {isa = PBXFileReference; lastKnownFileType = file.storyboard; name = Base; path = Base.lproj/LaunchScreen.storyboard; sourceTree = "<group>"; };
		E244F04D292A73FA00D090B2 /* Info.plist */ = {isa = PBXFileReference; lastKnownFileType = text.plist.xml; path = Info.plist; sourceTree = "<group>"; };
		E257777E292A767E00B7C633 /* DPMedia-swift */ = {isa = PBXFileReference; lastKnownFileType = wrapper; name = "DPMedia-swift"; path = ..; sourceTree = "<group>"; };
		E2577782292A772300B7C633 /* DPMediaPickerFactory.swift */ = {isa = PBXFileReference; lastKnownFileType = sourcecode.swift; path = DPMediaPickerFactory.swift; sourceTree = "<group>"; };
		E2577785292A77F000B7C633 /* DPMediaPicker.swift */ = {isa = PBXFileReference; lastKnownFileType = sourcecode.swift; path = DPMediaPicker.swift; sourceTree = "<group>"; };
		E257778B292A782C00B7C633 /* DPMediaAdapter.swift */ = {isa = PBXFileReference; lastKnownFileType = sourcecode.swift; path = DPMediaAdapter.swift; sourceTree = "<group>"; };
		E257778D292A7BF600B7C633 /* DPMediaError.swift */ = {isa = PBXFileReference; lastKnownFileType = sourcecode.swift; path = DPMediaError.swift; sourceTree = "<group>"; };
		E257778F292A7D2D00B7C633 /* DPMediaAdapterInterface.swift */ = {isa = PBXFileReference; lastKnownFileType = sourcecode.swift; path = DPMediaAdapterInterface.swift; sourceTree = "<group>"; };
		E2577791292A7D3D00B7C633 /* DPMedia.swift */ = {isa = PBXFileReference; lastKnownFileType = sourcecode.swift; path = DPMedia.swift; sourceTree = "<group>"; };
		E2577793292A7D4900B7C633 /* DPMediaVideo.swift */ = {isa = PBXFileReference; lastKnownFileType = sourcecode.swift; path = DPMediaVideo.swift; sourceTree = "<group>"; };
		E2577795292A7D5500B7C633 /* DPMediaImage.swift */ = {isa = PBXFileReference; lastKnownFileType = sourcecode.swift; path = DPMediaImage.swift; sourceTree = "<group>"; };
		E2577797292A7ED200B7C633 /* DPMediaType.swift */ = {isa = PBXFileReference; lastKnownFileType = sourcecode.swift; path = DPMediaType.swift; sourceTree = "<group>"; };
		E25777A0292A853600B7C633 /* DPMediaImageProcessorFactory.swift */ = {isa = PBXFileReference; lastKnownFileType = sourcecode.swift; path = DPMediaImageProcessorFactory.swift; sourceTree = "<group>"; };
		E25777A2292A857400B7C633 /* DPMediaVideoProcessorFactory.swift */ = {isa = PBXFileReference; lastKnownFileType = sourcecode.swift; path = DPMediaVideoProcessorFactory.swift; sourceTree = "<group>"; };
		E25777A4292A862200B7C633 /* DPMediaPNGImageProcessor.swift */ = {isa = PBXFileReference; lastKnownFileType = sourcecode.swift; path = DPMediaPNGImageProcessor.swift; sourceTree = "<group>"; };
		E25777AA292A94CB00B7C633 /* DPMediaVideoProcessor.swift */ = {isa = PBXFileReference; lastKnownFileType = sourcecode.swift; path = DPMediaVideoProcessor.swift; sourceTree = "<group>"; };
		E25777AC292A968300B7C633 /* DPMimeType.swift */ = {isa = PBXFileReference; lastKnownFileType = sourcecode.swift; path = DPMimeType.swift; sourceTree = "<group>"; };
		E25777AE292A96F600B7C633 /* DPFileType.swift */ = {isa = PBXFileReference; lastKnownFileType = sourcecode.swift; path = DPFileType.swift; sourceTree = "<group>"; };
		E25777B8292ABE1400B7C633 /* DPMediaPickerInterface.swift */ = {isa = PBXFileReference; lastKnownFileType = sourcecode.swift; path = DPMediaPickerInterface.swift; sourceTree = "<group>"; };
/* End PBXFileReference section */

/* Begin PBXFrameworksBuildPhase section */
		E244F039292A73F800D090B2 /* Frameworks */ = {
			isa = PBXFrameworksBuildPhase;
			buildActionMask = 2147483647;
			files = (
				E2577781292A76B600B7C633 /* DPMedia in Frameworks */,
			);
			runOnlyForDeploymentPostprocessing = 0;
		};
/* End PBXFrameworksBuildPhase section */

/* Begin PBXGroup section */
		E244F033292A73F800D090B2 = {
			isa = PBXGroup;
			children = (
				E257777D292A767E00B7C633 /* Packages */,
				E244F03E292A73F800D090B2 /* Demo */,
				E244F03D292A73F800D090B2 /* Products */,
				E257777F292A76B600B7C633 /* Frameworks */,
			);
			sourceTree = "<group>";
		};
		E244F03D292A73F800D090B2 /* Products */ = {
			isa = PBXGroup;
			children = (
				E244F03C292A73F800D090B2 /* Demo.app */,
			);
			name = Products;
			sourceTree = "<group>";
		};
		E244F03E292A73F800D090B2 /* Demo */ = {
			isa = PBXGroup;
			children = (
				E244F04D292A73FA00D090B2 /* Info.plist */,
				E244F03F292A73F800D090B2 /* AppDelegate.swift */,
				E244F043292A73F800D090B2 /* ViewController.swift */,
				E244F048292A73FA00D090B2 /* Assets.xcassets */,
				E244F04A292A73FA00D090B2 /* LaunchScreen.storyboard */,
				E2577784292A77E900B7C633 /* lib */,
			);
			path = Demo;
			sourceTree = "<group>";
		};
		E257777D292A767E00B7C633 /* Packages */ = {
			isa = PBXGroup;
			children = (
				E257777E292A767E00B7C633 /* DPMedia-swift */,
			);
			name = Packages;
			sourceTree = "<group>";
		};
		E257777F292A76B600B7C633 /* Frameworks */ = {
			isa = PBXGroup;
			children = (
			);
			name = Frameworks;
			sourceTree = "<group>";
		};
		E2577784292A77E900B7C633 /* lib */ = {
			isa = PBXGroup;
			children = (
				E25777B7292ABDD000B7C633 /* Extensions */,
				E257779C292A81E700B7C633 /* Adapter */,
				E25777B0292A971A00B7C633 /* File */,
				E257779A292A810200B7C633 /* Models */,
				E2577799292A7F1B00B7C633 /* Picker */,
				E257779D292A84E900B7C633 /* Processor */,
			);
			path = lib;
			sourceTree = "<group>";
		};
		E2577799292A7F1B00B7C633 /* Picker */ = {
			isa = PBXGroup;
			children = (
				E2577782292A772300B7C633 /* DPMediaPickerFactory.swift */,
				E2577785292A77F000B7C633 /* DPMediaPicker.swift */,
				E25777B8292ABE1400B7C633 /* DPMediaPickerInterface.swift */,
			);
			path = Picker;
			sourceTree = "<group>";
		};
		E257779A292A810200B7C633 /* Models */ = {
			isa = PBXGroup;
			children = (
				E2577791292A7D3D00B7C633 /* DPMedia.swift */,
				E257778D292A7BF600B7C633 /* DPMediaError.swift */,
				E2577795292A7D5500B7C633 /* DPMediaImage.swift */,
				E2577797292A7ED200B7C633 /* DPMediaType.swift */,
				E2577793292A7D4900B7C633 /* DPMediaVideo.swift */,
			);
			path = Models;
			sourceTree = "<group>";
		};
		E257779C292A81E700B7C633 /* Adapter */ = {
			isa = PBXGroup;
			children = (
				E257778B292A782C00B7C633 /* DPMediaAdapter.swift */,
				E257778F292A7D2D00B7C633 /* DPMediaAdapterInterface.swift */,
			);
			path = Adapter;
			sourceTree = "<group>";
		};
		E257779D292A84E900B7C633 /* Processor */ = {
			isa = PBXGroup;
			children = (
				E25777A0292A853600B7C633 /* DPMediaImageProcessorFactory.swift */,
				E25777A2292A857400B7C633 /* DPMediaVideoProcessorFactory.swift */,
				E25777A4292A862200B7C633 /* DPMediaPNGImageProcessor.swift */,
				E25777AA292A94CB00B7C633 /* DPMediaVideoProcessor.swift */,
			);
			path = Processor;
			sourceTree = "<group>";
		};
		E25777B0292A971A00B7C633 /* File */ = {
			isa = PBXGroup;
			children = (
				E25777AE292A96F600B7C633 /* DPFileType.swift */,
				E25777AC292A968300B7C633 /* DPMimeType.swift */,
			);
			path = File;
			sourceTree = "<group>";
		};
		E25777B7292ABDD000B7C633 /* Extensions */ = {
			isa = PBXGroup;
			children = (
			);
			path = Extensions;
			sourceTree = "<group>";
		};
/* End PBXGroup section */

/* Begin PBXNativeTarget section */
		E244F03B292A73F800D090B2 /* Demo */ = {
			isa = PBXNativeTarget;
			buildConfigurationList = E244F050292A73FA00D090B2 /* Build configuration list for PBXNativeTarget "Demo" */;
			buildPhases = (
				E244F038292A73F800D090B2 /* Sources */,
				E244F039292A73F800D090B2 /* Frameworks */,
				E244F03A292A73F800D090B2 /* Resources */,
			);
			buildRules = (
			);
			dependencies = (
			);
			name = Demo;
			packageProductDependencies = (
				E2577780292A76B600B7C633 /* DPMedia */,
			);
			productName = Demo;
			productReference = E244F03C292A73F800D090B2 /* Demo.app */;
			productType = "com.apple.product-type.application";
		};
/* End PBXNativeTarget section */

/* Begin PBXProject section */
		E244F034292A73F800D090B2 /* Project object */ = {
			isa = PBXProject;
			attributes = {
				BuildIndependentTargetsInParallel = 1;
				LastSwiftUpdateCheck = 1410;
				LastUpgradeCheck = 1410;
				TargetAttributes = {
					E244F03B292A73F800D090B2 = {
						CreatedOnToolsVersion = 14.1;
					};
				};
			};
			buildConfigurationList = E244F037292A73F800D090B2 /* Build configuration list for PBXProject "Demo" */;
			compatibilityVersion = "Xcode 14.0";
			developmentRegion = en;
			hasScannedForEncodings = 0;
			knownRegions = (
				en,
				Base,
			);
			mainGroup = E244F033292A73F800D090B2;
			productRefGroup = E244F03D292A73F800D090B2 /* Products */;
			projectDirPath = "";
			projectRoot = "";
			targets = (
				E244F03B292A73F800D090B2 /* Demo */,
			);
		};
/* End PBXProject section */

/* Begin PBXResourcesBuildPhase section */
		E244F03A292A73F800D090B2 /* Resources */ = {
			isa = PBXResourcesBuildPhase;
			buildActionMask = 2147483647;
			files = (
				E244F04C292A73FA00D090B2 /* LaunchScreen.storyboard in Resources */,
				E244F049292A73FA00D090B2 /* Assets.xcassets in Resources */,
			);
			runOnlyForDeploymentPostprocessing = 0;
		};
/* End PBXResourcesBuildPhase section */

/* Begin PBXSourcesBuildPhase section */
		E244F038292A73F800D090B2 /* Sources */ = {
			isa = PBXSourcesBuildPhase;
			buildActionMask = 2147483647;
			files = (
				E2577786292A77F100B7C633 /* DPMediaPicker.swift in Sources */,
				E25777AB292A94CB00B7C633 /* DPMediaVideoProcessor.swift in Sources */,
				E25777AD292A968300B7C633 /* DPMimeType.swift in Sources */,
				E25777A5292A862200B7C633 /* DPMediaPNGImageProcessor.swift in Sources */,
				E25777A1292A853600B7C633 /* DPMediaImageProcessorFactory.swift in Sources */,
				E25777A3292A857400B7C633 /* DPMediaVideoProcessorFactory.swift in Sources */,
				E25777B9292ABE1400B7C633 /* DPMediaPickerInterface.swift in Sources */,
				E2577792292A7D3D00B7C633 /* DPMedia.swift in Sources */,
				E2577783292A772300B7C633 /* DPMediaPickerFactory.swift in Sources */,
				E25777AF292A96F600B7C633 /* DPFileType.swift in Sources */,
				E2577796292A7D5500B7C633 /* DPMediaImage.swift in Sources */,
				E257778E292A7BF600B7C633 /* DPMediaError.swift in Sources */,
				E2577798292A7ED200B7C633 /* DPMediaType.swift in Sources */,
				E2577794292A7D4900B7C633 /* DPMediaVideo.swift in Sources */,
				E2577790292A7D2D00B7C633 /* DPMediaAdapterInterface.swift in Sources */,
				E257778C292A782C00B7C633 /* DPMediaAdapter.swift in Sources */,
				E244F044292A73F800D090B2 /* ViewController.swift in Sources */,
				E244F040292A73F800D090B2 /* AppDelegate.swift in Sources */,
			);
			runOnlyForDeploymentPostprocessing = 0;
		};
/* End PBXSourcesBuildPhase section */

/* Begin PBXVariantGroup section */
		E244F04A292A73FA00D090B2 /* LaunchScreen.storyboard */ = {
			isa = PBXVariantGroup;
			children = (
				E244F04B292A73FA00D090B2 /* Base */,
			);
			name = LaunchScreen.storyboard;
			sourceTree = "<group>";
		};
/* End PBXVariantGroup section */

/* Begin XCBuildConfiguration section */
		E244F04E292A73FA00D090B2 /* Debug */ = {
			isa = XCBuildConfiguration;
			buildSettings = {
				ALWAYS_SEARCH_USER_PATHS = NO;
				CLANG_ANALYZER_NONNULL = YES;
				CLANG_ANALYZER_NUMBER_OBJECT_CONVERSION = YES_AGGRESSIVE;
				CLANG_CXX_LANGUAGE_STANDARD = "gnu++20";
				CLANG_ENABLE_MODULES = YES;
				CLANG_ENABLE_OBJC_ARC = YES;
				CLANG_ENABLE_OBJC_WEAK = YES;
				CLANG_WARN_BLOCK_CAPTURE_AUTORELEASING = YES;
				CLANG_WARN_BOOL_CONVERSION = YES;
				CLANG_WARN_COMMA = YES;
				CLANG_WARN_CONSTANT_CONVERSION = YES;
				CLANG_WARN_DEPRECATED_OBJC_IMPLEMENTATIONS = YES;
				CLANG_WARN_DIRECT_OBJC_ISA_USAGE = YES_ERROR;
				CLANG_WARN_DOCUMENTATION_COMMENTS = YES;
				CLANG_WARN_EMPTY_BODY = YES;
				CLANG_WARN_ENUM_CONVERSION = YES;
				CLANG_WARN_INFINITE_RECURSION = YES;
				CLANG_WARN_INT_CONVERSION = YES;
				CLANG_WARN_NON_LITERAL_NULL_CONVERSION = YES;
				CLANG_WARN_OBJC_IMPLICIT_RETAIN_SELF = YES;
				CLANG_WARN_OBJC_LITERAL_CONVERSION = YES;
				CLANG_WARN_OBJC_ROOT_CLASS = YES_ERROR;
				CLANG_WARN_QUOTED_INCLUDE_IN_FRAMEWORK_HEADER = YES;
				CLANG_WARN_RANGE_LOOP_ANALYSIS = YES;
				CLANG_WARN_STRICT_PROTOTYPES = YES;
				CLANG_WARN_SUSPICIOUS_MOVE = YES;
				CLANG_WARN_UNGUARDED_AVAILABILITY = YES_AGGRESSIVE;
				CLANG_WARN_UNREACHABLE_CODE = YES;
				CLANG_WARN__DUPLICATE_METHOD_MATCH = YES;
				COPY_PHASE_STRIP = NO;
				DEBUG_INFORMATION_FORMAT = dwarf;
				ENABLE_STRICT_OBJC_MSGSEND = YES;
				ENABLE_TESTABILITY = YES;
				GCC_C_LANGUAGE_STANDARD = gnu11;
				GCC_DYNAMIC_NO_PIC = NO;
				GCC_NO_COMMON_BLOCKS = YES;
				GCC_OPTIMIZATION_LEVEL = 0;
				GCC_PREPROCESSOR_DEFINITIONS = (
					"DEBUG=1",
					"$(inherited)",
				);
				GCC_WARN_64_TO_32_BIT_CONVERSION = YES;
				GCC_WARN_ABOUT_RETURN_TYPE = YES_ERROR;
				GCC_WARN_UNDECLARED_SELECTOR = YES;
				GCC_WARN_UNINITIALIZED_AUTOS = YES_AGGRESSIVE;
				GCC_WARN_UNUSED_FUNCTION = YES;
				GCC_WARN_UNUSED_VARIABLE = YES;
				IPHONEOS_DEPLOYMENT_TARGET = 11.0;
				MTL_ENABLE_DEBUG_INFO = INCLUDE_SOURCE;
				MTL_FAST_MATH = YES;
				ONLY_ACTIVE_ARCH = YES;
				SDKROOT = iphoneos;
				SWIFT_ACTIVE_COMPILATION_CONDITIONS = DEBUG;
				SWIFT_OPTIMIZATION_LEVEL = "-Onone";
			};
			name = Debug;
		};
		E244F04F292A73FA00D090B2 /* Release */ = {
			isa = XCBuildConfiguration;
			buildSettings = {
				ALWAYS_SEARCH_USER_PATHS = NO;
				CLANG_ANALYZER_NONNULL = YES;
				CLANG_ANALYZER_NUMBER_OBJECT_CONVERSION = YES_AGGRESSIVE;
				CLANG_CXX_LANGUAGE_STANDARD = "gnu++20";
				CLANG_ENABLE_MODULES = YES;
				CLANG_ENABLE_OBJC_ARC = YES;
				CLANG_ENABLE_OBJC_WEAK = YES;
				CLANG_WARN_BLOCK_CAPTURE_AUTORELEASING = YES;
				CLANG_WARN_BOOL_CONVERSION = YES;
				CLANG_WARN_COMMA = YES;
				CLANG_WARN_CONSTANT_CONVERSION = YES;
				CLANG_WARN_DEPRECATED_OBJC_IMPLEMENTATIONS = YES;
				CLANG_WARN_DIRECT_OBJC_ISA_USAGE = YES_ERROR;
				CLANG_WARN_DOCUMENTATION_COMMENTS = YES;
				CLANG_WARN_EMPTY_BODY = YES;
				CLANG_WARN_ENUM_CONVERSION = YES;
				CLANG_WARN_INFINITE_RECURSION = YES;
				CLANG_WARN_INT_CONVERSION = YES;
				CLANG_WARN_NON_LITERAL_NULL_CONVERSION = YES;
				CLANG_WARN_OBJC_IMPLICIT_RETAIN_SELF = YES;
				CLANG_WARN_OBJC_LITERAL_CONVERSION = YES;
				CLANG_WARN_OBJC_ROOT_CLASS = YES_ERROR;
				CLANG_WARN_QUOTED_INCLUDE_IN_FRAMEWORK_HEADER = YES;
				CLANG_WARN_RANGE_LOOP_ANALYSIS = YES;
				CLANG_WARN_STRICT_PROTOTYPES = YES;
				CLANG_WARN_SUSPICIOUS_MOVE = YES;
				CLANG_WARN_UNGUARDED_AVAILABILITY = YES_AGGRESSIVE;
				CLANG_WARN_UNREACHABLE_CODE = YES;
				CLANG_WARN__DUPLICATE_METHOD_MATCH = YES;
				COPY_PHASE_STRIP = NO;
				DEBUG_INFORMATION_FORMAT = "dwarf-with-dsym";
				ENABLE_NS_ASSERTIONS = NO;
				ENABLE_STRICT_OBJC_MSGSEND = YES;
				GCC_C_LANGUAGE_STANDARD = gnu11;
				GCC_NO_COMMON_BLOCKS = YES;
				GCC_WARN_64_TO_32_BIT_CONVERSION = YES;
				GCC_WARN_ABOUT_RETURN_TYPE = YES_ERROR;
				GCC_WARN_UNDECLARED_SELECTOR = YES;
				GCC_WARN_UNINITIALIZED_AUTOS = YES_AGGRESSIVE;
				GCC_WARN_UNUSED_FUNCTION = YES;
				GCC_WARN_UNUSED_VARIABLE = YES;
				IPHONEOS_DEPLOYMENT_TARGET = 11.0;
				MTL_ENABLE_DEBUG_INFO = NO;
				MTL_FAST_MATH = YES;
				SDKROOT = iphoneos;
				SWIFT_COMPILATION_MODE = wholemodule;
				SWIFT_OPTIMIZATION_LEVEL = "-O";
				VALIDATE_PRODUCT = YES;
			};
			name = Release;
		};
		E244F051292A73FA00D090B2 /* Debug */ = {
			isa = XCBuildConfiguration;
			buildSettings = {
				ASSETCATALOG_COMPILER_APPICON_NAME = AppIcon;
				ASSETCATALOG_COMPILER_GLOBAL_ACCENT_COLOR_NAME = AccentColor;
				CODE_SIGN_STYLE = Automatic;
				CURRENT_PROJECT_VERSION = 1;
				GENERATE_INFOPLIST_FILE = YES;
				INFOPLIST_FILE = Demo/Info.plist;
				INFOPLIST_KEY_NSPhotoLibraryUsageDescription = "Photo library access";
				INFOPLIST_KEY_UIApplicationSupportsIndirectInputEvents = YES;
				INFOPLIST_KEY_UILaunchStoryboardName = LaunchScreen;
				INFOPLIST_KEY_UISupportedInterfaceOrientations = "UIInterfaceOrientationLandscapeLeft UIInterfaceOrientationLandscapeRight UIInterfaceOrientationPortrait";
				IPHONEOS_DEPLOYMENT_TARGET = 11.0;
				LD_RUNPATH_SEARCH_PATHS = (
					"$(inherited)",
					"@executable_path/Frameworks",
				);
				MARKETING_VERSION = 1.0;
				PRODUCT_BUNDLE_IDENTIFIER = ru.diman.Demo;
				PRODUCT_NAME = "$(TARGET_NAME)";
				SWIFT_EMIT_LOC_STRINGS = YES;
				SWIFT_VERSION = 5.0;
				TARGETED_DEVICE_FAMILY = "1,2";
			};
			name = Debug;
		};
		E244F052292A73FA00D090B2 /* Release */ = {
			isa = XCBuildConfiguration;
			buildSettings = {
				ASSETCATALOG_COMPILER_APPICON_NAME = AppIcon;
				ASSETCATALOG_COMPILER_GLOBAL_ACCENT_COLOR_NAME = AccentColor;
				CODE_SIGN_STYLE = Automatic;
				CURRENT_PROJECT_VERSION = 1;
				GENERATE_INFOPLIST_FILE = YES;
				INFOPLIST_FILE = Demo/Info.plist;
				INFOPLIST_KEY_NSPhotoLibraryUsageDescription = "Photo library access";
				INFOPLIST_KEY_UIApplicationSupportsIndirectInputEvents = YES;
				INFOPLIST_KEY_UILaunchStoryboardName = LaunchScreen;
				INFOPLIST_KEY_UISupportedInterfaceOrientations = "UIInterfaceOrientationLandscapeLeft UIInterfaceOrientationLandscapeRight UIInterfaceOrientationPortrait";
				IPHONEOS_DEPLOYMENT_TARGET = 11.0;
				LD_RUNPATH_SEARCH_PATHS = (
					"$(inherited)",
					"@executable_path/Frameworks",
				);
				MARKETING_VERSION = 1.0;
				PRODUCT_BUNDLE_IDENTIFIER = ru.diman.Demo;
				PRODUCT_NAME = "$(TARGET_NAME)";
				SWIFT_EMIT_LOC_STRINGS = YES;
				SWIFT_VERSION = 5.0;
				TARGETED_DEVICE_FAMILY = "1,2";
			};
			name = Release;
		};
/* End XCBuildConfiguration section */

/* Begin XCConfigurationList section */
		E244F037292A73F800D090B2 /* Build configuration list for PBXProject "Demo" */ = {
			isa = XCConfigurationList;
			buildConfigurations = (
				E244F04E292A73FA00D090B2 /* Debug */,
				E244F04F292A73FA00D090B2 /* Release */,
			);
			defaultConfigurationIsVisible = 0;
			defaultConfigurationName = Release;
		};
		E244F050292A73FA00D090B2 /* Build configuration list for PBXNativeTarget "Demo" */ = {
			isa = XCConfigurationList;
			buildConfigurations = (
				E244F051292A73FA00D090B2 /* Debug */,
				E244F052292A73FA00D090B2 /* Release */,
			);
			defaultConfigurationIsVisible = 0;
			defaultConfigurationName = Release;
		};
/* End XCConfigurationList section */

/* Begin XCSwiftPackageProductDependency section */
		E2577780292A76B600B7C633 /* DPMedia */ = {
			isa = XCSwiftPackageProductDependency;
			productName = DPMedia;
		};
/* End XCSwiftPackageProductDependency section */
	};
	rootObject = E244F034292A73F800D090B2 /* Project object */;
}
